// !$*UTF8*$!
{
	archiveVersion = 1;
	classes = {
	};
	objectVersion = 50;
	objects = {

/* Begin PBXBuildFile section */
		6A42E74C2347B3AE00FEC3AD /* AppDelegate.swift in Sources */ = {isa = PBXBuildFile; fileRef = 6A42E74B2347B3AE00FEC3AD /* AppDelegate.swift */; };
		6A42E74E2347B3AE00FEC3AD /* SceneDelegate.swift in Sources */ = {isa = PBXBuildFile; fileRef = 6A42E74D2347B3AE00FEC3AD /* SceneDelegate.swift */; };
		6A42E7502347B3AE00FEC3AD /* ViewController.swift in Sources */ = {isa = PBXBuildFile; fileRef = 6A42E74F2347B3AE00FEC3AD /* ViewController.swift */; };
		6A42E7532347B3AE00FEC3AD /* Main.storyboard in Resources */ = {isa = PBXBuildFile; fileRef = 6A42E7512347B3AE00FEC3AD /* Main.storyboard */; };
		6A42E7552347B3AF00FEC3AD /* Assets.xcassets in Resources */ = {isa = PBXBuildFile; fileRef = 6A42E7542347B3AF00FEC3AD /* Assets.xcassets */; };
		6A42E7582347B3AF00FEC3AD /* LaunchScreen.storyboard in Resources */ = {isa = PBXBuildFile; fileRef = 6A42E7562347B3AF00FEC3AD /* LaunchScreen.storyboard */; };
		6A42E7612347BADB00FEC3AD /* PhotoViewController.swift in Sources */ = {isa = PBXBuildFile; fileRef = 6A42E7602347BADB00FEC3AD /* PhotoViewController.swift */; };
/* End PBXBuildFile section */

/* Begin PBXFileReference section */
		6A42E7482347B3AE00FEC3AD /* NSIx1.0.app */ = {isa = PBXFileReference; explicitFileType = wrapper.application; includeInIndex = 0; path = NSIx1.0.app; sourceTree = BUILT_PRODUCTS_DIR; };
		6A42E74B2347B3AE00FEC3AD /* AppDelegate.swift */ = {isa = PBXFileReference; lastKnownFileType = sourcecode.swift; path = AppDelegate.swift; sourceTree = "<group>"; };
		6A42E74D2347B3AE00FEC3AD /* SceneDelegate.swift */ = {isa = PBXFileReference; lastKnownFileType = sourcecode.swift; path = SceneDelegate.swift; sourceTree = "<group>"; };
		6A42E74F2347B3AE00FEC3AD /* ViewController.swift */ = {isa = PBXFileReference; lastKnownFileType = sourcecode.swift; path = ViewController.swift; sourceTree = "<group>"; };
		6A42E7522347B3AE00FEC3AD /* Base */ = {isa = PBXFileReference; lastKnownFileType = file.storyboard; name = Base; path = Base.lproj/Main.storyboard; sourceTree = "<group>"; };
		6A42E7542347B3AF00FEC3AD /* Assets.xcassets */ = {isa = PBXFileReference; lastKnownFileType = folder.assetcatalog; path = Assets.xcassets; sourceTree = "<group>"; };
		6A42E7572347B3AF00FEC3AD /* Base */ = {isa = PBXFileReference; lastKnownFileType = file.storyboard; name = Base; path = Base.lproj/LaunchScreen.storyboard; sourceTree = "<group>"; };
		6A42E7592347B3AF00FEC3AD /* Info.plist */ = {isa = PBXFileReference; lastKnownFileType = text.plist.xml; path = Info.plist; sourceTree = "<group>"; };
		6A42E75F2347B53000FEC3AD /* click.png */ = {isa = PBXFileReference; lastKnownFileType = image.png; path = click.png; sourceTree = "<group>"; };
		6A42E7602347BADB00FEC3AD /* PhotoViewController.swift */ = {isa = PBXFileReference; lastKnownFileType = sourcecode.swift; path = PhotoViewController.swift; sourceTree = "<group>"; };
		6AD148A8234FC16C0022D281 /* README.rtf */ = {isa = PBXFileReference; lastKnownFileType = text.rtf; path = README.rtf; sourceTree = "<group>"; };
/* End PBXFileReference section */

/* Begin PBXFrameworksBuildPhase section */
		6A42E7452347B3AE00FEC3AD /* Frameworks */ = {
			isa = PBXFrameworksBuildPhase;
			buildActionMask = 2147483647;
			files = (
			);
			runOnlyForDeploymentPostprocessing = 0;
		};
/* End PBXFrameworksBuildPhase section */

/* Begin PBXGroup section */
		6A42E73F2347B3AE00FEC3AD = {
			isa = PBXGroup;
			children = (
				6A42E74A2347B3AE00FEC3AD /* NSIx1.0 */,
				6A42E7492347B3AE00FEC3AD /* Products */,
				6A42E75F2347B53000FEC3AD /* click.png */,
				6AD148A8234FC16C0022D281 /* README.rtf */,
			);
			sourceTree = "<group>";
		};
		6A42E7492347B3AE00FEC3AD /* Products */ = {
			isa = PBXGroup;
			children = (
				6A42E7482347B3AE00FEC3AD /* NSIx1.0.app */,
			);
			name = Products;
			sourceTree = "<group>";
		};
		6A42E74A2347B3AE00FEC3AD /* NSIx1.0 */ = {
			isa = PBXGroup;
			children = (
				6A42E74B2347B3AE00FEC3AD /* AppDelegate.swift */,
				6A42E74D2347B3AE00FEC3AD /* SceneDelegate.swift */,
				6A42E74F2347B3AE00FEC3AD /* ViewController.swift */,
				6A42E7602347BADB00FEC3AD /* PhotoViewController.swift */,
				6A42E7512347B3AE00FEC3AD /* Main.storyboard */,
				6A42E7542347B3AF00FEC3AD /* Assets.xcassets */,
				6A42E7562347B3AF00FEC3AD /* LaunchScreen.storyboard */,
				6A42E7592347B3AF00FEC3AD /* Info.plist */,
			);
			path = NSIx1.0;
			sourceTree = "<group>";
		};
/* End PBXGroup section */

/* Begin PBXNativeTarget section */
		6A42E7472347B3AE00FEC3AD /* NSIx1.0 */ = {
			isa = PBXNativeTarget;
			buildConfigurationList = 6A42E75C2347B3AF00FEC3AD /* Build configuration list for PBXNativeTarget "NSIx1.0" */;
			buildPhases = (
				6A42E7442347B3AE00FEC3AD /* Sources */,
				6A42E7452347B3AE00FEC3AD /* Frameworks */,
				6A42E7462347B3AE00FEC3AD /* Resources */,
			);
			buildRules = (
			);
			dependencies = (
			);
			name = NSIx1.0;
			productName = NSIx1.0;
			productReference = 6A42E7482347B3AE00FEC3AD /* NSIx1.0.app */;
			productType = "com.apple.product-type.application";
		};
/* End PBXNativeTarget section */

/* Begin PBXProject section */
		6A42E7402347B3AE00FEC3AD /* Project object */ = {
			isa = PBXProject;
			attributes = {
				LastSwiftUpdateCheck = 1100;
				LastUpgradeCheck = 1100;
				ORGANIZATIONNAME = NSI;
				TargetAttributes = {
					6A42E7472347B3AE00FEC3AD = {
						CreatedOnToolsVersion = 11.0;
					};
				};
			};
			buildConfigurationList = 6A42E7432347B3AE00FEC3AD /* Build configuration list for PBXProject "NSIx1.0" */;
			compatibilityVersion = "Xcode 9.3";
			developmentRegion = en;
			hasScannedForEncodings = 0;
			knownRegions = (
				en,
				Base,
			);
			mainGroup = 6A42E73F2347B3AE00FEC3AD;
			productRefGroup = 6A42E7492347B3AE00FEC3AD /* Products */;
			projectDirPath = "";
			projectRoot = "";
			targets = (
				6A42E7472347B3AE00FEC3AD /* NSIx1.0 */,
			);
		};
/* End PBXProject section */

/* Begin PBXResourcesBuildPhase section */
		6A42E7462347B3AE00FEC3AD /* Resources */ = {
			isa = PBXResourcesBuildPhase;
			buildActionMask = 2147483647;
			files = (
				6A42E7582347B3AF00FEC3AD /* LaunchScreen.storyboard in Resources */,
				6A42E7552347B3AF00FEC3AD /* Assets.xcassets in Resources */,
				6A42E7532347B3AE00FEC3AD /* Main.storyboard in Resources */,
			);
			runOnlyForDeploymentPostprocessing = 0;
		};
/* End PBXResourcesBuildPhase section */

/* Begin PBXSourcesBuildPhase section */
		6A42E7442347B3AE00FEC3AD /* Sources */ = {
			isa = PBXSourcesBuildPhase;
			buildActionMask = 2147483647;
			files = (
				6A42E7502347B3AE00FEC3AD /* ViewController.swift in Sources */,
				6A42E7612347BADB00FEC3AD /* PhotoViewController.swift in Sources */,
				6A42E74C2347B3AE00FEC3AD /* AppDelegate.swift in Sources */,
				6A42E74E2347B3AE00FEC3AD /* SceneDelegate.swift in Sources */,
			);
			runOnlyForDeploymentPostprocessing = 0;
		};
/* End PBXSourcesBuildPhase section */

/* Begin PBXVariantGroup section */
		6A42E7512347B3AE00FEC3AD /* Main.storyboard */ = {
			isa = PBXVariantGroup;
			children = (
				6A42E7522347B3AE00FEC3AD /* Base */,
			);
			name = Main.storyboard;
			sourceTree = "<group>";
		};
		6A42E7562347B3AF00FEC3AD /* LaunchScreen.storyboard */ = {
			isa = PBXVariantGroup;
			children = (
				6A42E7572347B3AF00FEC3AD /* Base */,
			);
			name = LaunchScreen.storyboard;
			sourceTree = "<group>";
		};
/* End PBXVariantGroup section */

/* Begin XCBuildConfiguration section */
		6A42E75A2347B3AF00FEC3AD /* Debug */ = {
			isa = XCBuildConfiguration;
			buildSettings = {
				ALWAYS_SEARCH_USER_PATHS = NO;
				CLANG_ANALYZER_NONNULL = YES;
				CLANG_ANALYZER_NUMBER_OBJECT_CONVERSION = YES_AGGRESSIVE;
				CLANG_CXX_LANGUAGE_STANDARD = "gnu++14";
				CLANG_CXX_LIBRARY = "libc++";
				CLANG_ENABLE_MODULES = YES;
				CLANG_ENABLE_OBJC_ARC = YES;
				CLANG_ENABLE_OBJC_WEAK = YES;
				CLANG_WARN_BLOCK_CAPTURE_AUTORELEASING = YES;
				CLANG_WARN_BOOL_CONVERSION = YES;
				CLANG_WARN_COMMA = YES;
				CLANG_WARN_CONSTANT_CONVERSION = YES;
				CLANG_WARN_DEPRECATED_OBJC_IMPLEMENTATIONS = YES;
				CLANG_WARN_DIRECT_OBJC_ISA_USAGE = YES_ERROR;
				CLANG_WARN_DOCUMENTATION_COMMENTS = YES;
				CLANG_WARN_EMPTY_BODY = YES;
				CLANG_WARN_ENUM_CONVERSION = YES;
				CLANG_WARN_INFINITE_RECURSION = YES;
				CLANG_WARN_INT_CONVERSION = YES;
				CLANG_WARN_NON_LITERAL_NULL_CONVERSION = YES;
				CLANG_WARN_OBJC_IMPLICIT_RETAIN_SELF = YES;
				CLANG_WARN_OBJC_LITERAL_CONVERSION = YES;
				CLANG_WARN_OBJC_ROOT_CLASS = YES_ERROR;
				CLANG_WARN_RANGE_LOOP_ANALYSIS = YES;
				CLANG_WARN_STRICT_PROTOTYPES = YES;
				CLANG_WARN_SUSPICIOUS_MOVE = YES;
				CLANG_WARN_UNGUARDED_AVAILABILITY = YES_AGGRESSIVE;
				CLANG_WARN_UNREACHABLE_CODE = YES;
				CLANG_WARN__DUPLICATE_METHOD_MATCH = YES;
				COPY_PHASE_STRIP = NO;
				DEBUG_INFORMATION_FORMAT = dwarf;
				ENABLE_STRICT_OBJC_MSGSEND = YES;
				ENABLE_TESTABILITY = YES;
				GCC_C_LANGUAGE_STANDARD = gnu11;
				GCC_DYNAMIC_NO_PIC = NO;
				GCC_NO_COMMON_BLOCKS = YES;
				GCC_OPTIMIZATION_LEVEL = 0;
				GCC_PREPROCESSOR_DEFINITIONS = (
					"DEBUG=1",
					"$(inherited)",
				);
				GCC_WARN_64_TO_32_BIT_CONVERSION = YES;
				GCC_WARN_ABOUT_RETURN_TYPE = YES_ERROR;
				GCC_WARN_UNDECLARED_SELECTOR = YES;
				GCC_WARN_UNINITIALIZED_AUTOS = YES_AGGRESSIVE;
				GCC_WARN_UNUSED_FUNCTION = YES;
				GCC_WARN_UNUSED_VARIABLE = YES;
				IPHONEOS_DEPLOYMENT_TARGET = 13.0;
				MTL_ENABLE_DEBUG_INFO = INCLUDE_SOURCE;
				MTL_FAST_MATH = YES;
				ONLY_ACTIVE_ARCH = YES;
				SDKROOT = iphoneos;
				SWIFT_ACTIVE_COMPILATION_CONDITIONS = DEBUG;
				SWIFT_OPTIMIZATION_LEVEL = "-Onone";
			};
			name = Debug;
		};
		6A42E75B2347B3AF00FEC3AD /* Release */ = {
			isa = XCBuildConfiguration;
			buildSettings = {
				ALWAYS_SEARCH_USER_PATHS = NO;
				CLANG_ANALYZER_NONNULL = YES;
				CLANG_ANALYZER_NUMBER_OBJECT_CONVERSION = YES_AGGRESSIVE;
				CLANG_CXX_LANGUAGE_STANDARD = "gnu++14";
				CLANG_CXX_LIBRARY = "libc++";
				CLANG_ENABLE_MODULES = YES;
				CLANG_ENABLE_OBJC_ARC = YES;
				CLANG_ENABLE_OBJC_WEAK = YES;
				CLANG_WARN_BLOCK_CAPTURE_AUTORELEASING = YES;
				CLANG_WARN_BOOL_CONVERSION = YES;
				CLANG_WARN_COMMA = YES;
				CLANG_WARN_CONSTANT_CONVERSION = YES;
				CLANG_WARN_DEPRECATED_OBJC_IMPLEMENTATIONS = YES;
				CLANG_WARN_DIRECT_OBJC_ISA_USAGE = YES_ERROR;
				CLANG_WARN_DOCUMENTATION_COMMENTS = YES;
				CLANG_WARN_EMPTY_BODY = YES;
				CLANG_WARN_ENUM_CONVERSION = YES;
				CLANG_WARN_INFINITE_RECURSION = YES;
				CLANG_WARN_INT_CONVERSION = YES;
				CLANG_WARN_NON_LITERAL_NULL_CONVERSION = YES;
				CLANG_WARN_OBJC_IMPLICIT_RETAIN_SELF = YES;
				CLANG_WARN_OBJC_LITERAL_CONVERSION = YES;
				CLANG_WARN_OBJC_ROOT_CLASS = YES_ERROR;
				CLANG_WARN_RANGE_LOOP_ANALYSIS = YES;
				CLANG_WARN_STRICT_PROTOTYPES = YES;
				CLANG_WARN_SUSPICIOUS_MOVE = YES;
				CLANG_WARN_UNGUARDED_AVAILABILITY = YES_AGGRESSIVE;
				CLANG_WARN_UNREACHABLE_CODE = YES;
				CLANG_WARN__DUPLICATE_METHOD_MATCH = YES;
				COPY_PHASE_STRIP = NO;
				DEBUG_INFORMATION_FORMAT = "dwarf-with-dsym";
				ENABLE_NS_ASSERTIONS = NO;
				ENABLE_STRICT_OBJC_MSGSEND = YES;
				GCC_C_LANGUAGE_STANDARD = gnu11;
				GCC_NO_COMMON_BLOCKS = YES;
				GCC_WARN_64_TO_32_BIT_CONVERSION = YES;
				GCC_WARN_ABOUT_RETURN_TYPE = YES_ERROR;
				GCC_WARN_UNDECLARED_SELECTOR = YES;
				GCC_WARN_UNINITIALIZED_AUTOS = YES_AGGRESSIVE;
				GCC_WARN_UNUSED_FUNCTION = YES;
				GCC_WARN_UNUSED_VARIABLE = YES;
				IPHONEOS_DEPLOYMENT_TARGET = 13.0;
				MTL_ENABLE_DEBUG_INFO = NO;
				MTL_FAST_MATH = YES;
				SDKROOT = iphoneos;
				SWIFT_COMPILATION_MODE = wholemodule;
				SWIFT_OPTIMIZATION_LEVEL = "-O";
				VALIDATE_PRODUCT = YES;
			};
			name = Release;
		};
		6A42E75D2347B3AF00FEC3AD /* Debug */ = {
			isa = XCBuildConfiguration;
			buildSettings = {
				ASSETCATALOG_COMPILER_APPICON_NAME = AppIcon;
				CODE_SIGN_STYLE = Automatic;
				DEVELOPMENT_TEAM = K5JRK3RLF6;
				INFOPLIST_FILE = NSIx1.0/Info.plist;
				LD_RUNPATH_SEARCH_PATHS = (
					"$(inherited)",
					"@executable_path/Frameworks",
				);
				PRODUCT_BUNDLE_IDENTIFIER = NSI.NSI;
				PRODUCT_NAME = "$(TARGET_NAME)";
				SWIFT_VERSION = 5.0;
				TARGETED_DEVICE_FAMILY = "1,2";
			};
			name = Debug;
		};
		6A42E75E2347B3AF00FEC3AD /* Release */ = {
			isa = XCBuildConfiguration;
			buildSettings = {
				ASSETCATALOG_COMPILER_APPICON_NAME = AppIcon;
				CODE_SIGN_STYLE = Automatic;
				DEVELOPMENT_TEAM = K5JRK3RLF6;
				INFOPLIST_FILE = NSIx1.0/Info.plist;
				LD_RUNPATH_SEARCH_PATHS = (
					"$(inherited)",
					"@executable_path/Frameworks",
				);
				PRODUCT_BUNDLE_IDENTIFIER = NSI.NSI;
				PRODUCT_NAME = "$(TARGET_NAME)";
				SWIFT_VERSION = 5.0;
				TARGETED_DEVICE_FAMILY = "1,2";
			};
			name = Release;
		};
/* End XCBuildConfiguration section */

/* Begin XCConfigurationList section */
		6A42E7432347B3AE00FEC3AD /* Build configuration list for PBXProject "NSIx1.0" */ = {
			isa = XCConfigurationList;
			buildConfigurations = (
				6A42E75A2347B3AF00FEC3AD /* Debug */,
				6A42E75B2347B3AF00FEC3AD /* Release */,
			);
			defaultConfigurationIsVisible = 0;
			defaultConfigurationName = Release;
		};
		6A42E75C2347B3AF00FEC3AD /* Build configuration list for PBXNativeTarget "NSIx1.0" */ = {
			isa = XCConfigurationList;
			buildConfigurations = (
				6A42E75D2347B3AF00FEC3AD /* Debug */,
				6A42E75E2347B3AF00FEC3AD /* Release */,
			);
			defaultConfigurationIsVisible = 0;
			defaultConfigurationName = Release;
		};
/* End XCConfigurationList section */
	};
	rootObject = 6A42E7402347B3AE00FEC3AD /* Project object */;
}
